
Microsoft Visual Studio Solution File, Format Version 12.00
# Visual Studio 2012
Project("{FAE04EC0-301F-11D3-BF4B-00C04F79EFBC}") = "FlagSpotSpike", "FlagSpotSpike\FlagSpotSpike.csproj", "{95C93A8A-5D6D-4245-ADD3-233F7A828DAD}"
EndProject
Global
	GlobalSection(SolutionConfigurationPlatforms) = preSolution
		Debug|Any CPU = Debug|Any CPU
		Release|Any CPU = Release|Any CPU
	EndGlobalSection
	GlobalSection(ProjectConfigurationPlatforms) = postSolution
		{95C93A8A-5D6D-4245-ADD3-233F7A828DAD}.Debug|Any CPU.ActiveCfg = Debug|Any CPU
		{95C93A8A-5D6D-4245-ADD3-233F7A828DAD}.Debug|Any CPU.Build.0 = Debug|Any CPU
		{95C93A8A-5D6D-4245-ADD3-233F7A828DAD}.Release|Any CPU.ActiveCfg = Release|Any CPU
		{95C93A8A-5D6D-4245-ADD3-233F7A828DAD}.Release|Any CPU.Build.0 = Release|Any CPU
	EndGlobalSection
	GlobalSection(SolutionProperties) = preSolution
		HideSolutionNode = FALSE
	EndGlobalSection
EndGlobal
